
Microsoft Visual Studio Solution File, Format Version 12.00
# Visual Studio Version 16
VisualStudioVersion = 16.0.30804.86
MinimumVisualStudioVersion = 10.0.40219.1
Project("{9A19103F-16F7-4668-BE54-9A1E7A4F7556}") = "SalaryCalculationConsole", "SalaryCalculation.Console\SalaryCalculationConsole.csproj", "{D6E97D12-7385-48F8-BE71-18F2ED2D520E}"
EndProject
Project("{9A19103F-16F7-4668-BE54-9A1E7A4F7556}") = "SalaryCalculation.Tests", "SalaryCalculation.Tests\SalaryCalculation.Tests.csproj", "{4A6FF25C-79C5-41B5-9D2D-B16D1434667E}"
EndProject
Project("{9A19103F-16F7-4668-BE54-9A1E7A4F7556}") = "Model", "Model\Model.csproj", "{AB43300E-20D3-4EE7-8C15-6CCD14DDB48C}"
EndProject
Project("{FAE04EC0-301F-11D3-BF4B-00C04F79EFBC}") = "Repository.Sqlite", "Repository.Sqlite\Repository.Sqlite.csproj", "{0BE62E41-E94F-4E24-910D-5AF5787D1B78}"
EndProject
Global
	GlobalSection(SolutionConfigurationPlatforms) = preSolution
		Debug|Any CPU = Debug|Any CPU
		Release|Any CPU = Release|Any CPU
	EndGlobalSection
	GlobalSection(ProjectConfigurationPlatforms) = postSolution
		{D6E97D12-7385-48F8-BE71-18F2ED2D520E}.Debug|Any CPU.ActiveCfg = Debug|Any CPU
		{D6E97D12-7385-48F8-BE71-18F2ED2D520E}.Debug|Any CPU.Build.0 = Debug|Any CPU
		{D6E97D12-7385-48F8-BE71-18F2ED2D520E}.Release|Any CPU.ActiveCfg = Release|Any CPU
		{D6E97D12-7385-48F8-BE71-18F2ED2D520E}.Release|Any CPU.Build.0 = Release|Any CPU
		{4A6FF25C-79C5-41B5-9D2D-B16D1434667E}.Debug|Any CPU.ActiveCfg = Debug|Any CPU
		{4A6FF25C-79C5-41B5-9D2D-B16D1434667E}.Debug|Any CPU.Build.0 = Debug|Any CPU
		{4A6FF25C-79C5-41B5-9D2D-B16D1434667E}.Release|Any CPU.ActiveCfg = Release|Any CPU
		{4A6FF25C-79C5-41B5-9D2D-B16D1434667E}.Release|Any CPU.Build.0 = Release|Any CPU
		{AB43300E-20D3-4EE7-8C15-6CCD14DDB48C}.Debug|Any CPU.ActiveCfg = Debug|Any CPU
		{AB43300E-20D3-4EE7-8C15-6CCD14DDB48C}.Debug|Any CPU.Build.0 = Debug|Any CPU
		{AB43300E-20D3-4EE7-8C15-6CCD14DDB48C}.Release|Any CPU.ActiveCfg = Release|Any CPU
		{AB43300E-20D3-4EE7-8C15-6CCD14DDB48C}.Release|Any CPU.Build.0 = Release|Any CPU
		{0BE62E41-E94F-4E24-910D-5AF5787D1B78}.Debug|Any CPU.ActiveCfg = Debug|Any CPU
		{0BE62E41-E94F-4E24-910D-5AF5787D1B78}.Debug|Any CPU.Build.0 = Debug|Any CPU
		{0BE62E41-E94F-4E24-910D-5AF5787D1B78}.Release|Any CPU.ActiveCfg = Release|Any CPU
		{0BE62E41-E94F-4E24-910D-5AF5787D1B78}.Release|Any CPU.Build.0 = Release|Any CPU
	EndGlobalSection
	GlobalSection(SolutionProperties) = preSolution
		HideSolutionNode = FALSE
	EndGlobalSection
	GlobalSection(ExtensibilityGlobals) = postSolution
		SolutionGuid = {A0408E10-CAC0-4181-A559-D5C1AF6132C9}
	EndGlobalSection
EndGlobal
